<?xml version="1.0" encoding="UTF-8"?>
<!DOCTYPE plist PUBLIC "-//Apple//DTD PLIST 1.0//EN" "http://www.apple.com/DTDs/PropertyList-1.0.dtd">
<plist version="1.0">
<dict>
	<key>archiveVersion</key>
	<string>1</string>
	<key>classes</key>
	<dict/>
	<key>objectVersion</key>
	<string>46</string>
	<key>objects</key>
	<dict>
		<key>060277C81BE995E100DD6A2D</key>
		<dict>
			<key>isa</key>
			<string>PBXFileReference</string>
			<key>lastKnownFileType</key>
			<string>compiled.mach-o.dylib</string>
			<key>name</key>
			<string>libstdc++.6.dylib</string>
			<key>path</key>
			<string>usr/lib/libstdc++.6.dylib</string>
			<key>sourceTree</key>
			<string>SDKROOT</string>
		</dict>
		<key>060277C91BE995E100DD6A2D</key>
		<dict>
			<key>fileRef</key>
			<string>060277C81BE995E100DD6A2D</string>
			<key>isa</key>
			<string>PBXBuildFile</string>
		</dict>
		<key>060277CC1BE995E500DD6A2D</key>
		<dict>
			<key>isa</key>
			<string>PBXFileReference</string>
			<key>lastKnownFileType</key>
			<string>compiled.mach-o.dylib</string>
			<key>name</key>
			<string>libz.dylib</string>
			<key>path</key>
			<string>usr/lib/libz.dylib</string>
			<key>sourceTree</key>
			<string>SDKROOT</string>
		</dict>
		<key>060277CD1BE995E500DD6A2D</key>
		<dict>
			<key>fileRef</key>
			<string>060277CC1BE995E500DD6A2D</string>
			<key>isa</key>
			<string>PBXBuildFile</string>
		</dict>
		<key>060277DF1BE9FF7F00DD6A2D</key>
		<dict>
			<key>isa</key>
			<string>PBXFileReference</string>
			<key>lastKnownFileType</key>
			<string>wrapper.framework</string>
			<key>name</key>
			<string>VideoToolbox.framework</string>
			<key>path</key>
			<string>System/Library/Frameworks/VideoToolbox.framework</string>
			<key>sourceTree</key>
			<string>SDKROOT</string>
		</dict>
		<key>060277E01BE9FF7F00DD6A2D</key>
		<dict>
			<key>fileRef</key>
			<string>060277DF1BE9FF7F00DD6A2D</string>
			<key>isa</key>
			<string>PBXBuildFile</string>
		</dict>
		<key>060AE9C21D4652CC0064DD65</key>
		<dict>
			<key>children</key>
			<array>
				<string>5E72AEBF1D22D0FC00F22AFF</string>
				<string>E30D08441D196B6700DA9DC8</string>
				<string>E3EDA85C1D17BBDA00B54437</string>
				<string>E3EDA85A1D17BBCE00B54437</string>
				<string>067EB3EA1CD998A800CE13AE</string>
				<string>627FB6221CA2EEDB0029AD04</string>
				<string>060277DF1BE9FF7F00DD6A2D</string>
				<string>060277CC1BE995E500DD6A2D</string>
				<string>0671DC5D1C0D5439000EE969</string>
				<string>060277C81BE995E100DD6A2D</string>
				<string>625EF3B41C9A95BE00DBA1CC</string>
				<string>E3680E301D14070100B2D558</string>
			</array>
			<key>isa</key>
			<string>PBXGroup</string>
			<key>name</key>
			<string>Libs</string>
			<key>sourceTree</key>
			<string>&lt;group&gt;</string>
		</dict>
		<key>060AE9C31D4653010064DD65</key>
		<dict>
			<key>fileEncoding</key>
			<string>4</string>
			<key>isa</key>
			<string>PBXFileReference</string>
			<key>lastKnownFileType</key>
			<string>sourcecode.c.h</string>
			<key>path</key>
			<string>KSYFileSelector.h</string>
			<key>sourceTree</key>
			<string>&lt;group&gt;</string>
		</dict>
		<key>060AE9C41D4653010064DD65</key>
		<dict>
			<key>fileEncoding</key>
			<string>4</string>
			<key>isa</key>
			<string>PBXFileReference</string>
			<key>lastKnownFileType</key>
			<string>sourcecode.c.objc</string>
			<key>path</key>
			<string>KSYFileSelector.m</string>
			<key>sourceTree</key>
			<string>&lt;group&gt;</string>
		</dict>
		<key>060AE9C51D4653010064DD65</key>
		<dict>
			<key>fileRef</key>
			<string>060AE9C41D4653010064DD65</string>
			<key>isa</key>
			<string>PBXBuildFile</string>
		</dict>
		<key>0671DC5D1C0D5439000EE969</key>
		<dict>
			<key>isa</key>
			<string>PBXFileReference</string>
			<key>lastKnownFileType</key>
			<string>compiled.mach-o.dylib</string>
			<key>name</key>
			<string>libbz2.dylib</string>
			<key>path</key>
			<string>usr/lib/libbz2.dylib</string>
			<key>sourceTree</key>
			<string>SDKROOT</string>
		</dict>
		<key>0671DC5E1C0D5439000EE969</key>
		<dict>
			<key>fileRef</key>
			<string>0671DC5D1C0D5439000EE969</string>
			<key>isa</key>
			<string>PBXBuildFile</string>
		</dict>
		<key>067EB3EA1CD998A800CE13AE</key>
		<dict>
			<key>isa</key>
			<string>PBXFileReference</string>
			<key>lastKnownFileType</key>
			<string>wrapper.framework</string>
			<key>name</key>
			<string>libksygpulive.framework</string>
			<key>path</key>
			<string>../build/libksygpulive.framework</string>
			<key>sourceTree</key>
			<string>&lt;group&gt;</string>
		</dict>
		<key>067F7E4F1D4762AC00F54FEA</key>
		<dict>
			<key>children</key>
			<array>
				<string>58C462AF1D3C772F001BC26A</string>
				<string>58C462AD1D3C76E0001BC26A</string>
				<string>06B2B1AD1BE8F0D900E0CC85</string>
				<string>06B2B1AE1BE8F0D900E0CC85</string>
			</array>
			<key>isa</key>
			<string>PBXGroup</string>
			<key>name</key>
			<string>KSYPlayer</string>
			<key>sourceTree</key>
			<string>&lt;group&gt;</string>
		</dict>
		<key>069E42881C10357D00392B5E</key>
		<dict>
			<key>fileEncoding</key>
			<string>4</string>
			<key>isa</key>
			<string>PBXFileReference</string>
			<key>lastKnownFileType</key>
			<string>sourcecode.c.objc</string>
			<key>path</key>
			<string>KSYLiveVC.m</string>
			<key>sourceTree</key>
			<string>&lt;group&gt;</string>
		</dict>
		<key>069E42891C10357D00392B5E</key>
		<dict>
			<key>fileEncoding</key>
			<string>4</string>
			<key>isa</key>
			<string>PBXFileReference</string>
			<key>lastKnownFileType</key>
			<string>sourcecode.c.h</string>
			<key>path</key>
			<string>KSYLiveVC.h</string>
			<key>sourceTree</key>
			<string>&lt;group&gt;</string>
		</dict>
		<key>069E428A1C10357D00392B5E</key>
		<dict>
			<key>fileRef</key>
			<string>069E42881C10357D00392B5E</string>
			<key>isa</key>
			<string>PBXBuildFile</string>
		</dict>
		<key>06B2B19A1BE8F0D900E0CC85</key>
		<dict>
			<key>children</key>
			<array>
				<string>58A9C6591D61FF8F00FBDBBD</string>
				<string>58A9C6571D61FF7C00FBDBBD</string>
				<string>060AE9C21D4652CC0064DD65</string>
				<string>06FBBD271D2E17E00065ED55</string>
				<string>067F7E4F1D4762AC00F54FEA</string>
				<string>06FBBD441D2E17E00065ED55</string>
				<string>06B2B1A51BE8F0D900E0CC85</string>
				<string>06B2B1A41BE8F0D900E0CC85</string>
				<string>5E231D481D22CF870064F77E</string>
				<string>814DC5120D453FADE9835CC7</string>
				<string>BC51FC2FAF6880DF2D39DC96</string>
			</array>
			<key>isa</key>
			<string>PBXGroup</string>
			<key>sourceTree</key>
			<string>&lt;group&gt;</string>
		</dict>
		<key>06B2B19B1BE8F0D900E0CC85</key>
		<dict>
			<key>attributes</key>
			<dict>
				<key>LastUpgradeCheck</key>
				<string>0640</string>
				<key>ORGANIZATIONNAME</key>
				<string>qyvideo</string>
				<key>TargetAttributes</key>
				<dict>
					<key>06B2B1A21BE8F0D900E0CC85</key>
					<dict>
						<key>CreatedOnToolsVersion</key>
						<string>6.4</string>
						<key>DevelopmentTeam</key>
						<string>ZGJ54Q7R45</string>
					</dict>
					<key>5E231D2A1D22CF870064F77E</key>
					<dict>
						<key>DevelopmentTeam</key>
						<string>ZGJ54Q7R45</string>
					</dict>
				</dict>
			</dict>
			<key>buildConfigurationList</key>
			<string>06B2B19E1BE8F0D900E0CC85</string>
			<key>compatibilityVersion</key>
			<string>Xcode 3.2</string>
			<key>developmentRegion</key>
			<string>English</string>
			<key>hasScannedForEncodings</key>
			<string>0</string>
			<key>isa</key>
			<string>PBXProject</string>
			<key>knownRegions</key>
			<array>
				<string>en</string>
				<string>Base</string>
			</array>
			<key>mainGroup</key>
			<string>06B2B19A1BE8F0D900E0CC85</string>
			<key>productRefGroup</key>
			<string>06B2B1A41BE8F0D900E0CC85</string>
			<key>projectDirPath</key>
			<string></string>
			<key>projectReferences</key>
			<array/>
			<key>projectRoot</key>
			<string></string>
			<key>targets</key>
			<array>
				<string>06B2B1A21BE8F0D900E0CC85</string>
				<string>5E231D2A1D22CF870064F77E</string>
			</array>
		</dict>
		<key>06B2B19E1BE8F0D900E0CC85</key>
		<dict>
			<key>buildConfigurations</key>
			<array>
				<string>06B2B1C71BE8F0D900E0CC85</string>
				<string>06B2B1C81BE8F0D900E0CC85</string>
			</array>
			<key>defaultConfigurationIsVisible</key>
			<string>0</string>
			<key>defaultConfigurationName</key>
			<string>Release</string>
			<key>isa</key>
			<string>XCConfigurationList</string>
		</dict>
		<key>06B2B19F1BE8F0D900E0CC85</key>
		<dict>
			<key>buildActionMask</key>
			<string>2147483647</string>
			<key>files</key>
			<array>
				<string>06FBBD571D2E17E00065ED55</string>
				<string>E3B007391CE31547009AF074</string>
				<string>06FBBD5B1D2E17E00065ED55</string>
				<string>06B2B1AC1BE8F0D900E0CC85</string>
				<string>06FBBD691D2E17E00065ED55</string>
				<string>58C462AE1D3C76E0001BC26A</string>
				<string>069E428A1C10357D00392B5E</string>
				<string>06B2B1AF1BE8F0D900E0CC85</string>
				<string>06FBBD511D2E17E00065ED55</string>
				<string>95B4A3F11CBF6CC700CB6804</string>
				<string>06FBBD531D2E17E00065ED55</string>
				<string>06FBBD4D1D2E17E00065ED55</string>
				<string>06FBBD5F1D2E17E00065ED55</string>
				<string>06FBBD651D2E17E00065ED55</string>
				<string>06FBBD6B1D2E17E00065ED55</string>
				<string>F296EC001D3527FF001C4120</string>
				<string>06FBBD671D2E17E00065ED55</string>
				<string>06B2B1A91BE8F0D900E0CC85</string>
				<string>95B4A3EF1CBF6CC700CB6804</string>
				<string>06FBBD591D2E17E00065ED55</string>
				<string>06FBBD4B1D2E17E00065ED55</string>
				<string>06FBBD611D2E17E00065ED55</string>
				<string>06FBBD5D1D2E17E00065ED55</string>
				<string>060AE9C51D4653010064DD65</string>
				<string>06FBBD4F1D2E17E00065ED55</string>
			</array>
			<key>isa</key>
			<string>PBXSourcesBuildPhase</string>
			<key>runOnlyForDeploymentPostprocessing</key>
			<string>0</string>
		</dict>
		<key>06B2B1A01BE8F0D900E0CC85</key>
		<dict>
			<key>buildActionMask</key>
			<string>2147483647</string>
			<key>files</key>
			<array>
				<string>E3EDA85D1D17BBDA00B54437</string>
				<string>E3EDA85B1D17BBCE00B54437</string>
				<string>06F0E1ED1D0FAB6500A59BE1</string>
				<string>625EF3B51C9A95BE00DBA1CC</string>
				<string>0671DC5E1C0D5439000EE969</string>
				<string>E30D08451D196B6700DA9DC8</string>
				<string>060277E01BE9FF7F00DD6A2D</string>
				<string>627FB6231CA2EEDB0029AD04</string>
				<string>060277CD1BE995E500DD6A2D</string>
				<string>060277C91BE995E100DD6A2D</string>
				<string>F8BD96ADDC57202352A62CF9</string>
			</array>
			<key>isa</key>
			<string>PBXFrameworksBuildPhase</string>
			<key>runOnlyForDeploymentPostprocessing</key>
			<string>0</string>
		</dict>
		<key>06B2B1A11BE8F0D900E0CC85</key>
		<dict>
			<key>buildActionMask</key>
			<string>2147483647</string>
			<key>files</key>
			<array>
				<string>06B2B1B51BE8F0D900E0CC85</string>
				<string>06B2B1BA1BE8F0D900E0CC85</string>
				<string>06B2B1B71BE8F0D900E0CC85</string>
			</array>
			<key>isa</key>
			<string>PBXResourcesBuildPhase</string>
			<key>runOnlyForDeploymentPostprocessing</key>
			<string>0</string>
		</dict>
		<key>06B2B1A21BE8F0D900E0CC85</key>
		<dict>
			<key>buildConfigurationList</key>
			<string>06B2B1C91BE8F0D900E0CC85</string>
			<key>buildPhases</key>
			<array>
				<string>5694C4315B9CD6B58006BA2C</string>
				<string>06B2B19F1BE8F0D900E0CC85</string>
				<string>06B2B1A01BE8F0D900E0CC85</string>
				<string>06B2B1A11BE8F0D900E0CC85</string>
				<string>A405565C14859AEAB23ADCD5</string>
				<string>ECB1E50775965851FC091F5A</string>
			</array>
			<key>buildRules</key>
			<array/>
			<key>dependencies</key>
			<array/>
			<key>isa</key>
			<string>PBXNativeTarget</string>
			<key>name</key>
			<string>KSYLiveDemo</string>
			<key>productName</key>
			<string>KSYLiveDemo</string>
			<key>productReference</key>
			<string>06B2B1A31BE8F0D900E0CC85</string>
			<key>productType</key>
			<string>com.apple.product-type.application</string>
		</dict>
		<key>06B2B1A31BE8F0D900E0CC85</key>
		<dict>
			<key>explicitFileType</key>
			<string>wrapper.application</string>
			<key>includeInIndex</key>
			<string>0</string>
			<key>isa</key>
			<string>PBXFileReference</string>
			<key>path</key>
			<string>KSYLiveDemo.app</string>
			<key>sourceTree</key>
			<string>BUILT_PRODUCTS_DIR</string>
		</dict>
		<key>06B2B1A41BE8F0D900E0CC85</key>
		<dict>
			<key>children</key>
			<array>
				<string>06B2B1A31BE8F0D900E0CC85</string>
				<string>5E231D471D22CF870064F77E</string>
			</array>
			<key>isa</key>
			<string>PBXGroup</string>
			<key>name</key>
			<string>Products</string>
			<key>sourceTree</key>
			<string>&lt;group&gt;</string>
		</dict>
		<key>06B2B1A51BE8F0D900E0CC85</key>
		<dict>
			<key>children</key>
			<array>
				<string>E3B007371CE31547009AF074</string>
				<string>E3B007381CE31547009AF074</string>
				<string>95B4A3E91CBF6CC700CB6804</string>
				<string>95B4A3EA1CBF6CC700CB6804</string>
				<string>95B4A3ED1CBF6CC700CB6804</string>
				<string>95B4A3EE1CBF6CC700CB6804</string>
				<string>069E42891C10357D00392B5E</string>
				<string>069E42881C10357D00392B5E</string>
				<string>06B2B1AA1BE8F0D900E0CC85</string>
				<string>06B2B1AB1BE8F0D900E0CC85</string>
				<string>06B2B1B31BE8F0D900E0CC85</string>
				<string>06B2B1B61BE8F0D900E0CC85</string>
				<string>06B2B1B81BE8F0D900E0CC85</string>
				<string>06B2B1A61BE8F0D900E0CC85</string>
			</array>
			<key>isa</key>
			<string>PBXGroup</string>
			<key>path</key>
			<string>KSYLiveDemo</string>
			<key>sourceTree</key>
			<string>&lt;group&gt;</string>
		</dict>
		<key>06B2B1A61BE8F0D900E0CC85</key>
		<dict>
			<key>children</key>
			<array>
				<string>06B2B1A71BE8F0D900E0CC85</string>
				<string>06B2B1A81BE8F0D900E0CC85</string>
			</array>
			<key>isa</key>
			<string>PBXGroup</string>
			<key>name</key>
			<string>Supporting Files</string>
			<key>sourceTree</key>
			<string>&lt;group&gt;</string>
		</dict>
		<key>06B2B1A71BE8F0D900E0CC85</key>
		<dict>
			<key>isa</key>
			<string>PBXFileReference</string>
			<key>lastKnownFileType</key>
			<string>text.plist.xml</string>
			<key>path</key>
			<string>Info.plist</string>
			<key>sourceTree</key>
			<string>&lt;group&gt;</string>
		</dict>
		<key>06B2B1A81BE8F0D900E0CC85</key>
		<dict>
			<key>isa</key>
			<string>PBXFileReference</string>
			<key>lastKnownFileType</key>
			<string>sourcecode.c.objc</string>
			<key>path</key>
			<string>main.m</string>
			<key>sourceTree</key>
			<string>&lt;group&gt;</string>
		</dict>
		<key>06B2B1A91BE8F0D900E0CC85</key>
		<dict>
			<key>fileRef</key>
			<string>06B2B1A81BE8F0D900E0CC85</string>
			<key>isa</key>
			<string>PBXBuildFile</string>
		</dict>
		<key>06B2B1AA1BE8F0D900E0CC85</key>
		<dict>
			<key>isa</key>
			<string>PBXFileReference</string>
			<key>lastKnownFileType</key>
			<string>sourcecode.c.h</string>
			<key>path</key>
			<string>AppDelegate.h</string>
			<key>sourceTree</key>
			<string>&lt;group&gt;</string>
		</dict>
		<key>06B2B1AB1BE8F0D900E0CC85</key>
		<dict>
			<key>isa</key>
			<string>PBXFileReference</string>
			<key>lastKnownFileType</key>
			<string>sourcecode.c.objc</string>
			<key>path</key>
			<string>AppDelegate.m</string>
			<key>sourceTree</key>
			<string>&lt;group&gt;</string>
		</dict>
		<key>06B2B1AC1BE8F0D900E0CC85</key>
		<dict>
			<key>fileRef</key>
			<string>06B2B1AB1BE8F0D900E0CC85</string>
			<key>isa</key>
			<string>PBXBuildFile</string>
		</dict>
		<key>06B2B1AD1BE8F0D900E0CC85</key>
		<dict>
			<key>isa</key>
			<string>PBXFileReference</string>
			<key>lastKnownFileType</key>
			<string>sourcecode.c.h</string>
			<key>name</key>
			<string>KSYPlayerVC.h</string>
			<key>path</key>
			<string>KSYLiveDemo/KSYPlayerVC.h</string>
			<key>sourceTree</key>
			<string>&lt;group&gt;</string>
		</dict>
		<key>06B2B1AE1BE8F0D900E0CC85</key>
		<dict>
			<key>isa</key>
			<string>PBXFileReference</string>
			<key>lastKnownFileType</key>
			<string>sourcecode.c.objc</string>
			<key>name</key>
			<string>KSYPlayerVC.m</string>
			<key>path</key>
			<string>KSYLiveDemo/KSYPlayerVC.m</string>
			<key>sourceTree</key>
			<string>&lt;group&gt;</string>
		</dict>
		<key>06B2B1AF1BE8F0D900E0CC85</key>
		<dict>
			<key>fileRef</key>
			<string>06B2B1AE1BE8F0D900E0CC85</string>
			<key>isa</key>
			<string>PBXBuildFile</string>
		</dict>
		<key>06B2B1B31BE8F0D900E0CC85</key>
		<dict>
			<key>children</key>
			<array>
				<string>06B2B1B41BE8F0D900E0CC85</string>
			</array>
			<key>isa</key>
			<string>PBXVariantGroup</string>
			<key>name</key>
			<string>Main.storyboard</string>
			<key>sourceTree</key>
			<string>&lt;group&gt;</string>
		</dict>
		<key>06B2B1B41BE8F0D900E0CC85</key>
		<dict>
			<key>isa</key>
			<string>PBXFileReference</string>
			<key>lastKnownFileType</key>
			<string>file.storyboard</string>
			<key>name</key>
			<string>Base</string>
			<key>path</key>
			<string>Base.lproj/Main.storyboard</string>
			<key>sourceTree</key>
			<string>&lt;group&gt;</string>
		</dict>
		<key>06B2B1B51BE8F0D900E0CC85</key>
		<dict>
			<key>fileRef</key>
			<string>06B2B1B31BE8F0D900E0CC85</string>
			<key>isa</key>
			<string>PBXBuildFile</string>
		</dict>
		<key>06B2B1B61BE8F0D900E0CC85</key>
		<dict>
			<key>isa</key>
			<string>PBXFileReference</string>
			<key>lastKnownFileType</key>
			<string>folder.assetcatalog</string>
			<key>path</key>
			<string>Images.xcassets</string>
			<key>sourceTree</key>
			<string>&lt;group&gt;</string>
		</dict>
		<key>06B2B1B71BE8F0D900E0CC85</key>
		<dict>
			<key>fileRef</key>
			<string>06B2B1B61BE8F0D900E0CC85</string>
			<key>isa</key>
			<string>PBXBuildFile</string>
		</dict>
		<key>06B2B1B81BE8F0D900E0CC85</key>
		<dict>
			<key>children</key>
			<array>
				<string>06B2B1B91BE8F0D900E0CC85</string>
			</array>
			<key>isa</key>
			<string>PBXVariantGroup</string>
			<key>name</key>
			<string>LaunchScreen.xib</string>
			<key>sourceTree</key>
			<string>&lt;group&gt;</string>
		</dict>
		<key>06B2B1B91BE8F0D900E0CC85</key>
		<dict>
			<key>isa</key>
			<string>PBXFileReference</string>
			<key>lastKnownFileType</key>
			<string>file.xib</string>
			<key>name</key>
			<string>Base</string>
			<key>path</key>
			<string>Base.lproj/LaunchScreen.xib</string>
			<key>sourceTree</key>
			<string>&lt;group&gt;</string>
		</dict>
		<key>06B2B1BA1BE8F0D900E0CC85</key>
		<dict>
			<key>fileRef</key>
			<string>06B2B1B81BE8F0D900E0CC85</string>
			<key>isa</key>
			<string>PBXBuildFile</string>
		</dict>
		<key>06B2B1C71BE8F0D900E0CC85</key>
		<dict>
			<key>buildSettings</key>
			<dict>
				<key>ALWAYS_SEARCH_USER_PATHS</key>
				<string>NO</string>
				<key>CLANG_CXX_LANGUAGE_STANDARD</key>
				<string>gnu++0x</string>
				<key>CLANG_CXX_LIBRARY</key>
				<string>libc++</string>
				<key>CLANG_ENABLE_MODULES</key>
				<string>YES</string>
				<key>CLANG_ENABLE_OBJC_ARC</key>
				<string>YES</string>
				<key>CLANG_WARN_BOOL_CONVERSION</key>
				<string>YES</string>
				<key>CLANG_WARN_CONSTANT_CONVERSION</key>
				<string>YES</string>
				<key>CLANG_WARN_DIRECT_OBJC_ISA_USAGE</key>
				<string>YES_ERROR</string>
				<key>CLANG_WARN_EMPTY_BODY</key>
				<string>YES</string>
				<key>CLANG_WARN_ENUM_CONVERSION</key>
				<string>YES</string>
				<key>CLANG_WARN_INT_CONVERSION</key>
				<string>YES</string>
				<key>CLANG_WARN_OBJC_ROOT_CLASS</key>
				<string>YES_ERROR</string>
				<key>CLANG_WARN_UNREACHABLE_CODE</key>
				<string>YES</string>
				<key>CLANG_WARN__DUPLICATE_METHOD_MATCH</key>
				<string>YES</string>
				<key>CODE_SIGN_IDENTITY[sdk=iphoneos*]</key>
				<string>iPhone Developer</string>
				<key>COPY_PHASE_STRIP</key>
				<string>NO</string>
				<key>DEBUG_INFORMATION_FORMAT</key>
				<string>dwarf-with-dsym</string>
				<key>ENABLE_STRICT_OBJC_MSGSEND</key>
				<string>YES</string>
				<key>GCC_C_LANGUAGE_STANDARD</key>
				<string>gnu99</string>
				<key>GCC_DYNAMIC_NO_PIC</key>
				<string>NO</string>
				<key>GCC_NO_COMMON_BLOCKS</key>
				<string>YES</string>
				<key>GCC_OPTIMIZATION_LEVEL</key>
				<string>0</string>
				<key>GCC_PREPROCESSOR_DEFINITIONS</key>
				<array>
					<string>DEBUG=1</string>
					<string>$(inherited)</string>
				</array>
				<key>GCC_SYMBOLS_PRIVATE_EXTERN</key>
				<string>NO</string>
				<key>GCC_WARN_64_TO_32_BIT_CONVERSION</key>
				<string>YES</string>
				<key>GCC_WARN_ABOUT_RETURN_TYPE</key>
				<string>YES_ERROR</string>
				<key>GCC_WARN_UNDECLARED_SELECTOR</key>
				<string>YES</string>
				<key>GCC_WARN_UNINITIALIZED_AUTOS</key>
				<string>YES_AGGRESSIVE</string>
				<key>GCC_WARN_UNUSED_FUNCTION</key>
				<string>YES</string>
				<key>GCC_WARN_UNUSED_VARIABLE</key>
				<string>YES</string>
				<key>HEADER_SEARCH_PATHS</key>
				<array>
					<string>$(inherited)</string>
					<string>/Applications/Xcode.app/Contents/Developer/Toolchains/XcodeDefault.xctoolchain/usr/include</string>
					<string>/Users/qianyi/Documents/libqyauth/src</string>
				</array>
				<key>IPHONEOS_DEPLOYMENT_TARGET</key>
				<string>7.0</string>
				<key>MTL_ENABLE_DEBUG_INFO</key>
				<string>YES</string>
				<key>ONLY_ACTIVE_ARCH</key>
				<string>YES</string>
				<key>SDKROOT</key>
				<string>iphoneos</string>
				<key>TARGETED_DEVICE_FAMILY</key>
				<string>1,2</string>
			</dict>
			<key>isa</key>
			<string>XCBuildConfiguration</string>
			<key>name</key>
			<string>Debug</string>
		</dict>
		<key>06B2B1C81BE8F0D900E0CC85</key>
		<dict>
			<key>buildSettings</key>
			<dict>
				<key>ALWAYS_SEARCH_USER_PATHS</key>
				<string>NO</string>
				<key>CLANG_CXX_LANGUAGE_STANDARD</key>
				<string>gnu++0x</string>
				<key>CLANG_CXX_LIBRARY</key>
				<string>libc++</string>
				<key>CLANG_ENABLE_MODULES</key>
				<string>YES</string>
				<key>CLANG_ENABLE_OBJC_ARC</key>
				<string>YES</string>
				<key>CLANG_WARN_BOOL_CONVERSION</key>
				<string>YES</string>
				<key>CLANG_WARN_CONSTANT_CONVERSION</key>
				<string>YES</string>
				<key>CLANG_WARN_DIRECT_OBJC_ISA_USAGE</key>
				<string>YES_ERROR</string>
				<key>CLANG_WARN_EMPTY_BODY</key>
				<string>YES</string>
				<key>CLANG_WARN_ENUM_CONVERSION</key>
				<string>YES</string>
				<key>CLANG_WARN_INT_CONVERSION</key>
				<string>YES</string>
				<key>CLANG_WARN_OBJC_ROOT_CLASS</key>
				<string>YES_ERROR</string>
				<key>CLANG_WARN_UNREACHABLE_CODE</key>
				<string>YES</string>
				<key>CLANG_WARN__DUPLICATE_METHOD_MATCH</key>
				<string>YES</string>
				<key>CODE_SIGN_IDENTITY[sdk=iphoneos*]</key>
				<string>iPhone Developer</string>
				<key>COPY_PHASE_STRIP</key>
				<string>NO</string>
				<key>DEBUG_INFORMATION_FORMAT</key>
				<string>dwarf-with-dsym</string>
				<key>ENABLE_NS_ASSERTIONS</key>
				<string>NO</string>
				<key>ENABLE_STRICT_OBJC_MSGSEND</key>
				<string>YES</string>
				<key>GCC_C_LANGUAGE_STANDARD</key>
				<string>gnu99</string>
				<key>GCC_NO_COMMON_BLOCKS</key>
				<string>YES</string>
				<key>GCC_WARN_64_TO_32_BIT_CONVERSION</key>
				<string>YES</string>
				<key>GCC_WARN_ABOUT_RETURN_TYPE</key>
				<string>YES_ERROR</string>
				<key>GCC_WARN_UNDECLARED_SELECTOR</key>
				<string>YES</string>
				<key>GCC_WARN_UNINITIALIZED_AUTOS</key>
				<string>YES_AGGRESSIVE</string>
				<key>GCC_WARN_UNUSED_FUNCTION</key>
				<string>YES</string>
				<key>GCC_WARN_UNUSED_VARIABLE</key>
				<string>YES</string>
				<key>HEADER_SEARCH_PATHS</key>
				<array>
					<string>$(inherited)</string>
					<string>/Applications/Xcode.app/Contents/Developer/Toolchains/XcodeDefault.xctoolchain/usr/include</string>
					<string>/Users/qianyi/Documents/libqyauth/src</string>
				</array>
				<key>IPHONEOS_DEPLOYMENT_TARGET</key>
				<string>7.0</string>
				<key>MTL_ENABLE_DEBUG_INFO</key>
				<string>NO</string>
				<key>SDKROOT</key>
				<string>iphoneos</string>
				<key>TARGETED_DEVICE_FAMILY</key>
				<string>1,2</string>
				<key>VALIDATE_PRODUCT</key>
				<string>YES</string>
			</dict>
			<key>isa</key>
			<string>XCBuildConfiguration</string>
			<key>name</key>
			<string>Release</string>
		</dict>
		<key>06B2B1C91BE8F0D900E0CC85</key>
		<dict>
			<key>buildConfigurations</key>
			<array>
				<string>06B2B1CA1BE8F0D900E0CC85</string>
				<string>06B2B1CB1BE8F0D900E0CC85</string>
			</array>
			<key>defaultConfigurationIsVisible</key>
			<string>0</string>
			<key>defaultConfigurationName</key>
			<string>Release</string>
			<key>isa</key>
			<string>XCConfigurationList</string>
		</dict>
		<key>06B2B1CA1BE8F0D900E0CC85</key>
		<dict>
			<key>baseConfigurationReference</key>
			<string>8A266482D81FC8B1ED9AF440</string>
			<key>buildSettings</key>
			<dict>
				<key>ASSETCATALOG_COMPILER_APPICON_NAME</key>
				<string>AppIcon</string>
				<key>CODE_SIGN_IDENTITY</key>
				<string>iPhone Developer</string>
				<key>CODE_SIGN_IDENTITY[sdk=iphoneos*]</key>
				<string>iPhone Developer</string>
				<key>ENABLE_BITCODE</key>
				<string>YES</string>
				<key>FRAMEWORK_SEARCH_PATHS</key>
				<array>
					<string>$(inherited)</string>
					<string>../build</string>
					<string>$(PROJECT_DIR)</string>
					<string>../framework/livegpu</string>
				</array>
				<key>HEADER_SEARCH_PATHS</key>
				<string>$(inherited)</string>
				<key>INFOPLIST_FILE</key>
				<string>KSYLiveDemo/Info.plist</string>
				<key>IPHONEOS_DEPLOYMENT_TARGET</key>
				<string>8.0</string>
				<key>LD_RUNPATH_SEARCH_PATHS</key>
				<string>$(inherited) @executable_path/Frameworks</string>
				<key>LIBRARY_SEARCH_PATHS</key>
				<array>
					<string>$(inherited)</string>
					<string>$(PROJECT_DIR)</string>
				</array>
				<key>OTHER_CFLAGS</key>
				<string>-fembed-bitcode-marker</string>
				<key>OTHER_LDFLAGS</key>
				<array>
					<string>-licucore</string>
					<string>-ObjC</string>
				</array>
				<key>PRODUCT_BUNDLE_IDENTIFIER</key>
				<string>com.ksyun.ios.KSYLiveDemo</string>
				<key>PRODUCT_NAME</key>
				<string>KSYLiveDemo</string>
				<key>PROVISIONING_PROFILE</key>
				<string></string>
			</dict>
			<key>isa</key>
			<string>XCBuildConfiguration</string>
			<key>name</key>
			<string>Debug</string>
		</dict>
		<key>06B2B1CB1BE8F0D900E0CC85</key>
		<dict>
			<key>baseConfigurationReference</key>
			<string>D8A92484056D755FD9F2087F</string>
			<key>buildSettings</key>
			<dict>
				<key>ASSETCATALOG_COMPILER_APPICON_NAME</key>
				<string>AppIcon</string>
				<key>CODE_SIGN_IDENTITY</key>
				<string>iPhone Developer</string>
				<key>CODE_SIGN_IDENTITY[sdk=iphoneos*]</key>
				<string>iPhone Developer</string>
				<key>ENABLE_BITCODE</key>
				<string>YES</string>
				<key>FRAMEWORK_SEARCH_PATHS</key>
				<array>
					<string>$(inherited)</string>
					<string>../build</string>
					<string>$(PROJECT_DIR)</string>
					<string>../framework/livegpu</string>
				</array>
				<key>HEADER_SEARCH_PATHS</key>
				<string>$(inherited)</string>
				<key>INFOPLIST_FILE</key>
				<string>KSYLiveDemo/Info.plist</string>
				<key>IPHONEOS_DEPLOYMENT_TARGET</key>
				<string>8.0</string>
				<key>LD_RUNPATH_SEARCH_PATHS</key>
				<string>$(inherited) @executable_path/Frameworks</string>
				<key>LIBRARY_SEARCH_PATHS</key>
				<array>
					<string>$(inherited)</string>
					<string>$(PROJECT_DIR)</string>
				</array>
				<key>OTHER_CFLAGS</key>
				<string>-fembed-bitcode</string>
				<key>OTHER_LDFLAGS</key>
				<array>
					<string>-licucore</string>
					<string>-ObjC</string>
				</array>
				<key>PRODUCT_BUNDLE_IDENTIFIER</key>
				<string>com.ksyun.ios.KSYLiveDemo</string>
				<key>PRODUCT_NAME</key>
				<string>KSYLiveDemo</string>
				<key>PROVISIONING_PROFILE</key>
				<string></string>
			</dict>
			<key>isa</key>
			<string>XCBuildConfiguration</string>
			<key>name</key>
			<string>Release</string>
		</dict>
		<key>06F0E1ED1D0FAB6500A59BE1</key>
		<dict>
			<key>fileRef</key>
			<string>067EB3EA1CD998A800CE13AE</string>
			<key>isa</key>
			<string>PBXBuildFile</string>
		</dict>
		<key>06FBBD271D2E17E00065ED55</key>
		<dict>
			<key>children</key>
			<array>
				<string>06FBBD3A1D2E17E00065ED55</string>
				<string>06FBBD3B1D2E17E00065ED55</string>
				<string>06FBBD3C1D2E17E00065ED55</string>
				<string>06FBBD3D1D2E17E00065ED55</string>
				<string>06FBBD421D2E17E00065ED55</string>
				<string>06FBBD431D2E17E00065ED55</string>
				<string>06FBBD2C1D2E17E00065ED55</string>
				<string>06FBBD2D1D2E17E00065ED55</string>
				<string>06FBBD341D2E17E00065ED55</string>
				<string>06FBBD351D2E17E00065ED55</string>
				<string>06FBBD8E1D2E23110065ED55</string>
				<string>06FBBD401D2E17E00065ED55</string>
				<string>06FBBD411D2E17E00065ED55</string>
				<string>06FBBD321D2E17E00065ED55</string>
				<string>06FBBD331D2E17E00065ED55</string>
			</array>
			<key>isa</key>
			<string>PBXGroup</string>
			<key>name</key>
			<string>KSYDemoUI</string>
			<key>path</key>
			<string>KSYLiveDemo/KSYDemoUI</string>
			<key>sourceTree</key>
			<string>&lt;group&gt;</string>
		</dict>
		<key>06FBBD281D2E17E00065ED55</key>
		<dict>
			<key>fileEncoding</key>
			<string>4</string>
			<key>isa</key>
			<string>PBXFileReference</string>
			<key>lastKnownFileType</key>
			<string>sourcecode.c.h</string>
			<key>path</key>
			<string>KSYAudioMixerView.h</string>
			<key>sourceTree</key>
			<string>&lt;group&gt;</string>
		</dict>
		<key>06FBBD291D2E17E00065ED55</key>
		<dict>
			<key>fileEncoding</key>
			<string>4</string>
			<key>isa</key>
			<string>PBXFileReference</string>
			<key>lastKnownFileType</key>
			<string>sourcecode.c.objc</string>
			<key>path</key>
			<string>KSYAudioMixerView.m</string>
			<key>sourceTree</key>
			<string>&lt;group&gt;</string>
		</dict>
		<key>06FBBD2A1D2E17E00065ED55</key>
		<dict>
			<key>fileEncoding</key>
			<string>4</string>
			<key>isa</key>
			<string>PBXFileReference</string>
			<key>lastKnownFileType</key>
			<string>sourcecode.c.h</string>
			<key>path</key>
			<string>KSYBgmView.h</string>
			<key>sourceTree</key>
			<string>&lt;group&gt;</string>
		</dict>
		<key>06FBBD2B1D2E17E00065ED55</key>
		<dict>
			<key>fileEncoding</key>
			<string>4</string>
			<key>isa</key>
			<string>PBXFileReference</string>
			<key>lastKnownFileType</key>
			<string>sourcecode.c.objc</string>
			<key>path</key>
			<string>KSYBgmView.m</string>
			<key>sourceTree</key>
			<string>&lt;group&gt;</string>
		</dict>
		<key>06FBBD2C1D2E17E00065ED55</key>
		<dict>
			<key>fileEncoding</key>
			<string>4</string>
			<key>isa</key>
			<string>PBXFileReference</string>
			<key>lastKnownFileType</key>
			<string>sourcecode.c.h</string>
			<key>path</key>
			<string>KSYBlockDemoVC.h</string>
			<key>sourceTree</key>
			<string>&lt;group&gt;</string>
		</dict>
		<key>06FBBD2D1D2E17E00065ED55</key>
		<dict>
			<key>fileEncoding</key>
			<string>4</string>
			<key>isa</key>
			<string>PBXFileReference</string>
			<key>lastKnownFileType</key>
			<string>sourcecode.c.objc</string>
			<key>path</key>
			<string>KSYBlockDemoVC.m</string>
			<key>sourceTree</key>
			<string>&lt;group&gt;</string>
		</dict>
		<key>06FBBD2E1D2E17E00065ED55</key>
		<dict>
			<key>fileEncoding</key>
			<string>4</string>
			<key>isa</key>
			<string>PBXFileReference</string>
			<key>lastKnownFileType</key>
			<string>sourcecode.c.h</string>
			<key>path</key>
			<string>KSYCtrlView.h</string>
			<key>sourceTree</key>
			<string>&lt;group&gt;</string>
		</dict>
		<key>06FBBD2F1D2E17E00065ED55</key>
		<dict>
			<key>fileEncoding</key>
			<string>4</string>
			<key>isa</key>
			<string>PBXFileReference</string>
			<key>lastKnownFileType</key>
			<string>sourcecode.c.objc</string>
			<key>path</key>
			<string>KSYCtrlView.m</string>
			<key>sourceTree</key>
			<string>&lt;group&gt;</string>
		</dict>
		<key>06FBBD301D2E17E00065ED55</key>
		<dict>
			<key>fileEncoding</key>
			<string>4</string>
			<key>isa</key>
			<string>PBXFileReference</string>
			<key>lastKnownFileType</key>
			<string>sourcecode.c.h</string>
			<key>path</key>
			<string>KSYFilterView.h</string>
			<key>sourceTree</key>
			<string>&lt;group&gt;</string>
		</dict>
		<key>06FBBD311D2E17E00065ED55</key>
		<dict>
			<key>fileEncoding</key>
			<string>4</string>
			<key>isa</key>
			<string>PBXFileReference</string>
			<key>lastKnownFileType</key>
			<string>sourcecode.c.objc</string>
			<key>path</key>
			<string>KSYFilterView.m</string>
			<key>sourceTree</key>
			<string>&lt;group&gt;</string>
		</dict>
		<key>06FBBD321D2E17E00065ED55</key>
		<dict>
			<key>fileEncoding</key>
			<string>4</string>
			<key>isa</key>
			<string>PBXFileReference</string>
			<key>lastKnownFileType</key>
			<string>sourcecode.c.h</string>
			<key>path</key>
			<string>KSYGPUStreamerVC.h</string>
			<key>sourceTree</key>
			<string>&lt;group&gt;</string>
		</dict>
		<key>06FBBD331D2E17E00065ED55</key>
		<dict>
			<key>fileEncoding</key>
			<string>4</string>
			<key>isa</key>
			<string>PBXFileReference</string>
			<key>lastKnownFileType</key>
			<string>sourcecode.c.objc</string>
			<key>path</key>
			<string>KSYGPUStreamerVC.m</string>
			<key>sourceTree</key>
			<string>&lt;group&gt;</string>
		</dict>
		<key>06FBBD341D2E17E00065ED55</key>
		<dict>
			<key>fileEncoding</key>
			<string>4</string>
			<key>isa</key>
			<string>PBXFileReference</string>
			<key>lastKnownFileType</key>
			<string>sourcecode.c.h</string>
			<key>path</key>
			<string>KSYKitDemoVC.h</string>
			<key>sourceTree</key>
			<string>&lt;group&gt;</string>
		</dict>
		<key>06FBBD351D2E17E00065ED55</key>
		<dict>
			<key>fileEncoding</key>
			<string>4</string>
			<key>isa</key>
			<string>PBXFileReference</string>
			<key>lastKnownFileType</key>
			<string>sourcecode.c.objc</string>
			<key>path</key>
			<string>KSYKitDemoVC.m</string>
			<key>sourceTree</key>
			<string>&lt;group&gt;</string>
		</dict>
		<key>06FBBD361D2E17E00065ED55</key>
		<dict>
			<key>fileEncoding</key>
			<string>4</string>
			<key>isa</key>
			<string>PBXFileReference</string>
			<key>lastKnownFileType</key>
			<string>sourcecode.c.h</string>
			<key>path</key>
			<string>KSYMenuView.h</string>
			<key>sourceTree</key>
			<string>&lt;group&gt;</string>
		</dict>
		<key>06FBBD371D2E17E00065ED55</key>
		<dict>
			<key>fileEncoding</key>
			<string>4</string>
			<key>isa</key>
			<string>PBXFileReference</string>
			<key>lastKnownFileType</key>
			<string>sourcecode.c.objc</string>
			<key>path</key>
			<string>KSYMenuView.m</string>
			<key>sourceTree</key>
			<string>&lt;group&gt;</string>
		</dict>
		<key>06FBBD381D2E17E00065ED55</key>
		<dict>
			<key>fileEncoding</key>
			<string>4</string>
			<key>isa</key>
			<string>PBXFileReference</string>
			<key>lastKnownFileType</key>
			<string>sourcecode.c.h</string>
			<key>path</key>
			<string>KSYPipView.h</string>
			<key>sourceTree</key>
			<string>&lt;group&gt;</string>
		</dict>
		<key>06FBBD391D2E17E00065ED55</key>
		<dict>
			<key>fileEncoding</key>
			<string>4</string>
			<key>isa</key>
			<string>PBXFileReference</string>
			<key>lastKnownFileType</key>
			<string>sourcecode.c.objc</string>
			<key>path</key>
			<string>KSYPipView.m</string>
			<key>sourceTree</key>
			<string>&lt;group&gt;</string>
		</dict>
		<key>06FBBD3A1D2E17E00065ED55</key>
		<dict>
			<key>fileEncoding</key>
			<string>4</string>
			<key>isa</key>
			<string>PBXFileReference</string>
			<key>lastKnownFileType</key>
			<string>sourcecode.c.h</string>
			<key>path</key>
			<string>KSYPresetCfgVC.h</string>
			<key>sourceTree</key>
			<string>&lt;group&gt;</string>
		</dict>
		<key>06FBBD3B1D2E17E00065ED55</key>
		<dict>
			<key>fileEncoding</key>
			<string>4</string>
			<key>isa</key>
			<string>PBXFileReference</string>
			<key>lastKnownFileType</key>
			<string>sourcecode.c.objc</string>
			<key>path</key>
			<string>KSYPresetCfgVC.m</string>
			<key>sourceTree</key>
			<string>&lt;group&gt;</string>
		</dict>
		<key>06FBBD3C1D2E17E00065ED55</key>
		<dict>
			<key>fileEncoding</key>
			<string>4</string>
			<key>isa</key>
			<string>PBXFileReference</string>
			<key>lastKnownFileType</key>
			<string>sourcecode.c.h</string>
			<key>path</key>
			<string>KSYPresetCfgView.h</string>
			<key>sourceTree</key>
			<string>&lt;group&gt;</string>
		</dict>
		<key>06FBBD3D1D2E17E00065ED55</key>
		<dict>
			<key>fileEncoding</key>
			<string>4</string>
			<key>isa</key>
			<string>PBXFileReference</string>
			<key>lastKnownFileType</key>
			<string>sourcecode.c.objc</string>
			<key>path</key>
			<string>KSYPresetCfgView.m</string>
			<key>sourceTree</key>
			<string>&lt;group&gt;</string>
		</dict>
		<key>06FBBD3E1D2E17E00065ED55</key>
		<dict>
			<key>fileEncoding</key>
			<string>4</string>
			<key>isa</key>
			<string>PBXFileReference</string>
			<key>lastKnownFileType</key>
			<string>sourcecode.c.h</string>
			<key>path</key>
			<string>KSYReverbView.h</string>
			<key>sourceTree</key>
			<string>&lt;group&gt;</string>
		</dict>
		<key>06FBBD3F1D2E17E00065ED55</key>
		<dict>
			<key>fileEncoding</key>
			<string>4</string>
			<key>isa</key>
			<string>PBXFileReference</string>
			<key>lastKnownFileType</key>
			<string>sourcecode.c.objc</string>
			<key>path</key>
			<string>KSYReverbView.m</string>
			<key>sourceTree</key>
			<string>&lt;group&gt;</string>
		</dict>
		<key>06FBBD401D2E17E00065ED55</key>
		<dict>
			<key>fileEncoding</key>
			<string>4</string>
			<key>isa</key>
			<string>PBXFileReference</string>
			<key>lastKnownFileType</key>
			<string>sourcecode.c.h</string>
			<key>path</key>
			<string>KSYStreamerKitVC.h</string>
			<key>sourceTree</key>
			<string>&lt;group&gt;</string>
		</dict>
		<key>06FBBD411D2E17E00065ED55</key>
		<dict>
			<key>fileEncoding</key>
			<string>4</string>
			<key>isa</key>
			<string>PBXFileReference</string>
			<key>lastKnownFileType</key>
			<string>sourcecode.c.objc</string>
			<key>path</key>
			<string>KSYStreamerKitVC.m</string>
			<key>sourceTree</key>
			<string>&lt;group&gt;</string>
		</dict>
		<key>06FBBD421D2E17E00065ED55</key>
		<dict>
			<key>fileEncoding</key>
			<string>4</string>
			<key>isa</key>
			<string>PBXFileReference</string>
			<key>lastKnownFileType</key>
			<string>sourcecode.c.h</string>
			<key>path</key>
			<string>KSYStreamerVC.h</string>
			<key>sourceTree</key>
			<string>&lt;group&gt;</string>
		</dict>
		<key>06FBBD431D2E17E00065ED55</key>
		<dict>
			<key>fileEncoding</key>
			<string>4</string>
			<key>isa</key>
			<string>PBXFileReference</string>
			<key>lastKnownFileType</key>
			<string>sourcecode.c.objc</string>
			<key>path</key>
			<string>KSYStreamerVC.m</string>
			<key>sourceTree</key>
			<string>&lt;group&gt;</string>
		</dict>
		<key>06FBBD441D2E17E00065ED55</key>
		<dict>
			<key>children</key>
			<array>
				<string>060AE9C31D4653010064DD65</string>
				<string>060AE9C41D4653010064DD65</string>
				<string>06FBBD451D2E17E00065ED55</string>
				<string>06FBBD461D2E17E00065ED55</string>
				<string>06FBBD471D2E17E00065ED55</string>
				<string>06FBBD481D2E17E00065ED55</string>
				<string>06FBBD491D2E17E00065ED55</string>
				<string>06FBBD4A1D2E17E00065ED55</string>
			</array>
			<key>isa</key>
			<string>PBXGroup</string>
			<key>name</key>
			<string>KSYUIUtils</string>
			<key>path</key>
			<string>KSYLiveDemo/KSYUIUtils</string>
			<key>sourceTree</key>
			<string>&lt;group&gt;</string>
		</dict>
		<key>06FBBD451D2E17E00065ED55</key>
		<dict>
			<key>fileEncoding</key>
			<string>4</string>
			<key>isa</key>
			<string>PBXFileReference</string>
			<key>lastKnownFileType</key>
			<string>sourcecode.c.h</string>
			<key>path</key>
			<string>KSYNameSlider.h</string>
			<key>sourceTree</key>
			<string>&lt;group&gt;</string>
		</dict>
		<key>06FBBD461D2E17E00065ED55</key>
		<dict>
			<key>fileEncoding</key>
			<string>4</string>
			<key>isa</key>
			<string>PBXFileReference</string>
			<key>lastKnownFileType</key>
			<string>sourcecode.c.objc</string>
			<key>path</key>
			<string>KSYNameSlider.m</string>
			<key>sourceTree</key>
			<string>&lt;group&gt;</string>
		</dict>
		<key>06FBBD471D2E17E00065ED55</key>
		<dict>
			<key>fileEncoding</key>
			<string>4</string>
			<key>isa</key>
			<string>PBXFileReference</string>
			<key>lastKnownFileType</key>
			<string>sourcecode.c.h</string>
			<key>path</key>
			<string>KSYUIVC.h</string>
			<key>sourceTree</key>
			<string>&lt;group&gt;</string>
		</dict>
		<key>06FBBD481D2E17E00065ED55</key>
		<dict>
			<key>fileEncoding</key>
			<string>4</string>
			<key>isa</key>
			<string>PBXFileReference</string>
			<key>lastKnownFileType</key>
			<string>sourcecode.c.objc</string>
			<key>path</key>
			<string>KSYUIVC.m</string>
			<key>sourceTree</key>
			<string>&lt;group&gt;</string>
		</dict>
		<key>06FBBD491D2E17E00065ED55</key>
		<dict>
			<key>fileEncoding</key>
			<string>4</string>
			<key>isa</key>
			<string>PBXFileReference</string>
			<key>lastKnownFileType</key>
			<string>sourcecode.c.h</string>
			<key>path</key>
			<string>KSYUIView.h</string>
			<key>sourceTree</key>
			<string>&lt;group&gt;</string>
		</dict>
		<key>06FBBD4A1D2E17E00065ED55</key>
		<dict>
			<key>fileEncoding</key>
			<string>4</string>
			<key>isa</key>
			<string>PBXFileReference</string>
			<key>lastKnownFileType</key>
			<string>sourcecode.c.objc</string>
			<key>path</key>
			<string>KSYUIView.m</string>
			<key>sourceTree</key>
			<string>&lt;group&gt;</string>
		</dict>
		<key>06FBBD4B1D2E17E00065ED55</key>
		<dict>
			<key>fileRef</key>
			<string>06FBBD291D2E17E00065ED55</string>
			<key>isa</key>
			<string>PBXBuildFile</string>
		</dict>
		<key>06FBBD4C1D2E17E00065ED55</key>
		<dict>
			<key>fileRef</key>
			<string>06FBBD291D2E17E00065ED55</string>
			<key>isa</key>
			<string>PBXBuildFile</string>
		</dict>
		<key>06FBBD4D1D2E17E00065ED55</key>
		<dict>
			<key>fileRef</key>
			<string>06FBBD2B1D2E17E00065ED55</string>
			<key>isa</key>
			<string>PBXBuildFile</string>
		</dict>
		<key>06FBBD4E1D2E17E00065ED55</key>
		<dict>
			<key>fileRef</key>
			<string>06FBBD2B1D2E17E00065ED55</string>
			<key>isa</key>
			<string>PBXBuildFile</string>
		</dict>
		<key>06FBBD4F1D2E17E00065ED55</key>
		<dict>
			<key>fileRef</key>
			<string>06FBBD2D1D2E17E00065ED55</string>
			<key>isa</key>
			<string>PBXBuildFile</string>
		</dict>
		<key>06FBBD501D2E17E00065ED55</key>
		<dict>
			<key>fileRef</key>
			<string>06FBBD2D1D2E17E00065ED55</string>
			<key>isa</key>
			<string>PBXBuildFile</string>
		</dict>
		<key>06FBBD511D2E17E00065ED55</key>
		<dict>
			<key>fileRef</key>
			<string>06FBBD2F1D2E17E00065ED55</string>
			<key>isa</key>
			<string>PBXBuildFile</string>
		</dict>
		<key>06FBBD521D2E17E00065ED55</key>
		<dict>
			<key>fileRef</key>
			<string>06FBBD2F1D2E17E00065ED55</string>
			<key>isa</key>
			<string>PBXBuildFile</string>
		</dict>
		<key>06FBBD531D2E17E00065ED55</key>
		<dict>
			<key>fileRef</key>
			<string>06FBBD311D2E17E00065ED55</string>
			<key>isa</key>
			<string>PBXBuildFile</string>
		</dict>
		<key>06FBBD541D2E17E00065ED55</key>
		<dict>
			<key>fileRef</key>
			<string>06FBBD311D2E17E00065ED55</string>
			<key>isa</key>
			<string>PBXBuildFile</string>
		</dict>
		<key>06FBBD571D2E17E00065ED55</key>
		<dict>
			<key>fileRef</key>
			<string>06FBBD351D2E17E00065ED55</string>
			<key>isa</key>
			<string>PBXBuildFile</string>
		</dict>
		<key>06FBBD581D2E17E00065ED55</key>
		<dict>
			<key>fileRef</key>
			<string>06FBBD351D2E17E00065ED55</string>
			<key>isa</key>
			<string>PBXBuildFile</string>
		</dict>
		<key>06FBBD591D2E17E00065ED55</key>
		<dict>
			<key>fileRef</key>
			<string>06FBBD371D2E17E00065ED55</string>
			<key>isa</key>
			<string>PBXBuildFile</string>
		</dict>
		<key>06FBBD5A1D2E17E00065ED55</key>
		<dict>
			<key>fileRef</key>
			<string>06FBBD371D2E17E00065ED55</string>
			<key>isa</key>
			<string>PBXBuildFile</string>
		</dict>
		<key>06FBBD5B1D2E17E00065ED55</key>
		<dict>
			<key>fileRef</key>
			<string>06FBBD391D2E17E00065ED55</string>
			<key>isa</key>
			<string>PBXBuildFile</string>
		</dict>
		<key>06FBBD5C1D2E17E00065ED55</key>
		<dict>
			<key>fileRef</key>
			<string>06FBBD391D2E17E00065ED55</string>
			<key>isa</key>
			<string>PBXBuildFile</string>
		</dict>
		<key>06FBBD5D1D2E17E00065ED55</key>
		<dict>
			<key>fileRef</key>
			<string>06FBBD3B1D2E17E00065ED55</string>
			<key>isa</key>
			<string>PBXBuildFile</string>
		</dict>
		<key>06FBBD5E1D2E17E00065ED55</key>
		<dict>
			<key>fileRef</key>
			<string>06FBBD3B1D2E17E00065ED55</string>
			<key>isa</key>
			<string>PBXBuildFile</string>
		</dict>
		<key>06FBBD5F1D2E17E00065ED55</key>
		<dict>
			<key>fileRef</key>
			<string>06FBBD3D1D2E17E00065ED55</string>
			<key>isa</key>
			<string>PBXBuildFile</string>
		</dict>
		<key>06FBBD601D2E17E00065ED55</key>
		<dict>
			<key>fileRef</key>
			<string>06FBBD3D1D2E17E00065ED55</string>
			<key>isa</key>
			<string>PBXBuildFile</string>
		</dict>
		<key>06FBBD611D2E17E00065ED55</key>
		<dict>
			<key>fileRef</key>
			<string>06FBBD3F1D2E17E00065ED55</string>
			<key>isa</key>
			<string>PBXBuildFile</string>
		</dict>
		<key>06FBBD621D2E17E00065ED55</key>
		<dict>
			<key>fileRef</key>
			<string>06FBBD3F1D2E17E00065ED55</string>
			<key>isa</key>
			<string>PBXBuildFile</string>
		</dict>
		<key>06FBBD651D2E17E00065ED55</key>
		<dict>
			<key>fileRef</key>
			<string>06FBBD431D2E17E00065ED55</string>
			<key>isa</key>
			<string>PBXBuildFile</string>
		</dict>
		<key>06FBBD661D2E17E00065ED55</key>
		<dict>
			<key>fileRef</key>
			<string>06FBBD431D2E17E00065ED55</string>
			<key>isa</key>
			<string>PBXBuildFile</string>
		</dict>
		<key>06FBBD671D2E17E00065ED55</key>
		<dict>
			<key>fileRef</key>
			<string>06FBBD461D2E17E00065ED55</string>
			<key>isa</key>
			<string>PBXBuildFile</string>
		</dict>
		<key>06FBBD681D2E17E00065ED55</key>
		<dict>
			<key>fileRef</key>
			<string>06FBBD461D2E17E00065ED55</string>
			<key>isa</key>
			<string>PBXBuildFile</string>
		</dict>
		<key>06FBBD691D2E17E00065ED55</key>
		<dict>
			<key>fileRef</key>
			<string>06FBBD481D2E17E00065ED55</string>
			<key>isa</key>
			<string>PBXBuildFile</string>
		</dict>
		<key>06FBBD6A1D2E17E00065ED55</key>
		<dict>
			<key>fileRef</key>
			<string>06FBBD481D2E17E00065ED55</string>
			<key>isa</key>
			<string>PBXBuildFile</string>
		</dict>
		<key>06FBBD6B1D2E17E00065ED55</key>
		<dict>
			<key>fileRef</key>
			<string>06FBBD4A1D2E17E00065ED55</string>
			<key>isa</key>
			<string>PBXBuildFile</string>
		</dict>
		<key>06FBBD6C1D2E17E00065ED55</key>
		<dict>
			<key>fileRef</key>
			<string>06FBBD4A1D2E17E00065ED55</string>
			<key>isa</key>
			<string>PBXBuildFile</string>
		</dict>
		<key>06FBBD8E1D2E23110065ED55</key>
		<dict>
			<key>children</key>
			<array>
				<string>F296EBFE1D3527FF001C4120</string>
				<string>F296EBFF1D3527FF001C4120</string>
				<string>06FBBD361D2E17E00065ED55</string>
				<string>06FBBD371D2E17E00065ED55</string>
				<string>06FBBD381D2E17E00065ED55</string>
				<string>06FBBD391D2E17E00065ED55</string>
				<string>06FBBD2E1D2E17E00065ED55</string>
				<string>06FBBD2F1D2E17E00065ED55</string>
				<string>06FBBD281D2E17E00065ED55</string>
				<string>06FBBD291D2E17E00065ED55</string>
				<string>06FBBD2A1D2E17E00065ED55</string>
				<string>06FBBD2B1D2E17E00065ED55</string>
				<string>06FBBD301D2E17E00065ED55</string>
				<string>06FBBD311D2E17E00065ED55</string>
				<string>06FBBD3E1D2E17E00065ED55</string>
				<string>06FBBD3F1D2E17E00065ED55</string>
			</array>
			<key>isa</key>
			<string>PBXGroup</string>
			<key>name</key>
			<string>subviews</string>
			<key>sourceTree</key>
			<string>&lt;group&gt;</string>
		</dict>
		<key>5694C4315B9CD6B58006BA2C</key>
		<dict>
			<key>buildActionMask</key>
			<string>2147483647</string>
			<key>files</key>
			<array/>
			<key>inputPaths</key>
			<array/>
			<key>isa</key>
			<string>PBXShellScriptBuildPhase</string>
			<key>name</key>
			<string>Check Pods Manifest.lock</string>
			<key>outputPaths</key>
			<array/>
			<key>runOnlyForDeploymentPostprocessing</key>
			<string>0</string>
			<key>shellPath</key>
			<string>/bin/sh</string>
			<key>shellScript</key>
			<string>diff "${PODS_ROOT}/../Podfile.lock" "${PODS_ROOT}/Manifest.lock" &gt; /dev/null
if [[ $? != 0 ]] ; then
    cat &lt;&lt; EOM
error: The sandbox is not in sync with the Podfile.lock. Run 'pod install' or update your CocoaPods installation.
EOM
    exit 1
fi
</string>
			<key>showEnvVarsInLog</key>
			<string>0</string>
		</dict>
		<key>584AD2C11D4F6649001CA44A</key>
		<dict>
			<key>fileRef</key>
			<string>060AE9C41D4653010064DD65</string>
			<key>isa</key>
			<string>PBXBuildFile</string>
		</dict>
		<key>58A9C6571D61FF7C00FBDBBD</key>
		<dict>
			<key>isa</key>
			<string>PBXFileReference</string>
			<key>lastKnownFileType</key>
			<string>wrapper.framework</string>
			<key>name</key>
			<string>libksygpulivedylib.framework</string>
			<key>path</key>
			<string>../framework/livegpu/libksygpulivedylib.framework</string>
			<key>sourceTree</key>
			<string>&lt;group&gt;</string>
		</dict>
		<key>58A9C6581D61FF7C00FBDBBD</key>
		<dict>
			<key>fileRef</key>
			<string>58A9C6571D61FF7C00FBDBBD</string>
			<key>isa</key>
			<string>PBXBuildFile</string>
		</dict>
		<key>58A9C6591D61FF8F00FBDBBD</key>
		<dict>
			<key>isa</key>
			<string>PBXFileReference</string>
			<key>lastKnownFileType</key>
			<string>wrapper.framework</string>
			<key>name</key>
			<string>libksygpulivedylib.framework</string>
			<key>path</key>
			<string>../framework/livegpu/libksygpulivedylib.framework</string>
			<key>sourceTree</key>
			<string>&lt;group&gt;</string>
		</dict>
		<key>58A9C65A1D61FF8F00FBDBBD</key>
		<dict>
			<key>fileRef</key>
			<string>58A9C6591D61FF8F00FBDBBD</string>
			<key>isa</key>
			<string>PBXBuildFile</string>
			<key>settings</key>
			<dict>
				<key>ATTRIBUTES</key>
				<array>
					<string>CodeSignOnCopy</string>
					<string>RemoveHeadersOnCopy</string>
				</array>
			</dict>
		</dict>
		<key>58C462AD1D3C76E0001BC26A</key>
		<dict>
			<key>fileEncoding</key>
			<string>4</string>
			<key>isa</key>
			<string>PBXFileReference</string>
			<key>lastKnownFileType</key>
			<string>sourcecode.c.objc</string>
			<key>name</key>
			<string>KSYProberVC.m</string>
			<key>path</key>
			<string>KSYLiveDemo/KSYProberVC.m</string>
			<key>sourceTree</key>
			<string>&lt;group&gt;</string>
		</dict>
		<key>58C462AE1D3C76E0001BC26A</key>
		<dict>
			<key>fileRef</key>
			<string>58C462AD1D3C76E0001BC26A</string>
			<key>isa</key>
			<string>PBXBuildFile</string>
		</dict>
		<key>58C462AF1D3C772F001BC26A</key>
		<dict>
			<key>fileEncoding</key>
			<string>4</string>
			<key>isa</key>
			<string>PBXFileReference</string>
			<key>lastKnownFileType</key>
			<string>sourcecode.c.h</string>
			<key>name</key>
			<string>KSYProberVC.h</string>
			<key>path</key>
			<string>KSYLiveDemo/KSYProberVC.h</string>
			<key>sourceTree</key>
			<string>&lt;group&gt;</string>
		</dict>
		<key>58C462B31D3C808A001BC26A</key>
		<dict>
			<key>fileRef</key>
			<string>58C462AD1D3C76E0001BC26A</string>
			<key>isa</key>
			<string>PBXBuildFile</string>
		</dict>
		<key>5E231D2A1D22CF870064F77E</key>
		<dict>
			<key>buildConfigurationList</key>
			<string>5E231D441D22CF870064F77E</string>
			<key>buildPhases</key>
			<array>
				<string>5E231D2B1D22CF870064F77E</string>
				<string>5E231D351D22CF870064F77E</string>
				<string>5E231D401D22CF870064F77E</string>
				<string>5E72AEC31D22D10200F22AFF</string>
			</array>
			<key>buildRules</key>
			<array/>
			<key>dependencies</key>
			<array/>
			<key>isa</key>
			<string>PBXNativeTarget</string>
			<key>name</key>
			<string>KSYLiveDemoDylib</string>
			<key>productName</key>
			<string>KSYLiveDemo</string>
			<key>productReference</key>
			<string>5E231D471D22CF870064F77E</string>
			<key>productType</key>
			<string>com.apple.product-type.application</string>
		</dict>
		<key>5E231D2B1D22CF870064F77E</key>
		<dict>
			<key>buildActionMask</key>
			<string>2147483647</string>
			<key>files</key>
			<array>
				<string>584AD2C11D4F6649001CA44A</string>
				<string>58C462B31D3C808A001BC26A</string>
				<string>F296EC011D352B07001C4120</string>
				<string>06FBBD581D2E17E00065ED55</string>
				<string>5E231D2D1D22CF870064F77E</string>
				<string>06FBBD5C1D2E17E00065ED55</string>
				<string>5E231D2F1D22CF870064F77E</string>
				<string>06FBBD6A1D2E17E00065ED55</string>
				<string>5E231D301D22CF870064F77E</string>
				<string>5E231D311D22CF870064F77E</string>
				<string>06FBBD521D2E17E00065ED55</string>
				<string>5E231D321D22CF870064F77E</string>
				<string>06FBBD541D2E17E00065ED55</string>
				<string>06FBBD4E1D2E17E00065ED55</string>
				<string>06FBBD601D2E17E00065ED55</string>
				<string>06FBBD661D2E17E00065ED55</string>
				<string>06FBBD6C1D2E17E00065ED55</string>
				<string>06FBBD681D2E17E00065ED55</string>
				<string>5E231D331D22CF870064F77E</string>
				<string>5E231D341D22CF870064F77E</string>
				<string>06FBBD5A1D2E17E00065ED55</string>
				<string>06FBBD4C1D2E17E00065ED55</string>
				<string>06FBBD621D2E17E00065ED55</string>
				<string>06FBBD5E1D2E17E00065ED55</string>
				<string>06FBBD501D2E17E00065ED55</string>
			</array>
			<key>isa</key>
			<string>PBXSourcesBuildPhase</string>
			<key>runOnlyForDeploymentPostprocessing</key>
			<string>0</string>
		</dict>
		<key>5E231D2D1D22CF870064F77E</key>
		<dict>
			<key>fileRef</key>
			<string>E3B007381CE31547009AF074</string>
			<key>isa</key>
			<string>PBXBuildFile</string>
		</dict>
		<key>5E231D2F1D22CF870064F77E</key>
		<dict>
			<key>fileRef</key>
			<string>06B2B1AB1BE8F0D900E0CC85</string>
			<key>isa</key>
			<string>PBXBuildFile</string>
		</dict>
		<key>5E231D301D22CF870064F77E</key>
		<dict>
			<key>fileRef</key>
			<string>069E42881C10357D00392B5E</string>
			<key>isa</key>
			<string>PBXBuildFile</string>
		</dict>
		<key>5E231D311D22CF870064F77E</key>
		<dict>
			<key>fileRef</key>
			<string>06B2B1AE1BE8F0D900E0CC85</string>
			<key>isa</key>
			<string>PBXBuildFile</string>
		</dict>
		<key>5E231D321D22CF870064F77E</key>
		<dict>
			<key>fileRef</key>
			<string>95B4A3EE1CBF6CC700CB6804</string>
			<key>isa</key>
			<string>PBXBuildFile</string>
		</dict>
		<key>5E231D331D22CF870064F77E</key>
		<dict>
			<key>fileRef</key>
			<string>06B2B1A81BE8F0D900E0CC85</string>
			<key>isa</key>
			<string>PBXBuildFile</string>
		</dict>
		<key>5E231D341D22CF870064F77E</key>
		<dict>
			<key>fileRef</key>
			<string>95B4A3EA1CBF6CC700CB6804</string>
			<key>isa</key>
			<string>PBXBuildFile</string>
		</dict>
		<key>5E231D351D22CF870064F77E</key>
		<dict>
			<key>buildActionMask</key>
			<string>2147483647</string>
			<key>files</key>
			<array>
				<string>58A9C6581D61FF7C00FBDBBD</string>
				<string>5E231D361D22CF870064F77E</string>
				<string>5E72AEC11D22D10200F22AFF</string>
				<string>5E231D371D22CF870064F77E</string>
				<string>5E231D391D22CF870064F77E</string>
				<string>5E231D3A1D22CF870064F77E</string>
				<string>5E231D3B1D22CF870064F77E</string>
				<string>5E231D3C1D22CF870064F77E</string>
				<string>5E231D3E1D22CF870064F77E</string>
				<string>5E231D3F1D22CF870064F77E</string>
			</array>
			<key>isa</key>
			<string>PBXFrameworksBuildPhase</string>
			<key>runOnlyForDeploymentPostprocessing</key>
			<string>0</string>
		</dict>
		<key>5E231D361D22CF870064F77E</key>
		<dict>
			<key>fileRef</key>
			<string>E3EDA85C1D17BBDA00B54437</string>
			<key>isa</key>
			<string>PBXBuildFile</string>
		</dict>
		<key>5E231D371D22CF870064F77E</key>
		<dict>
			<key>fileRef</key>
			<string>E3EDA85A1D17BBCE00B54437</string>
			<key>isa</key>
			<string>PBXBuildFile</string>
		</dict>
		<key>5E231D391D22CF870064F77E</key>
		<dict>
			<key>fileRef</key>
			<string>625EF3B41C9A95BE00DBA1CC</string>
			<key>isa</key>
			<string>PBXBuildFile</string>
		</dict>
		<key>5E231D3A1D22CF870064F77E</key>
		<dict>
			<key>fileRef</key>
			<string>0671DC5D1C0D5439000EE969</string>
			<key>isa</key>
			<string>PBXBuildFile</string>
		</dict>
		<key>5E231D3B1D22CF870064F77E</key>
		<dict>
			<key>fileRef</key>
			<string>E30D08441D196B6700DA9DC8</string>
			<key>isa</key>
			<string>PBXBuildFile</string>
		</dict>
		<key>5E231D3C1D22CF870064F77E</key>
		<dict>
			<key>fileRef</key>
			<string>060277DF1BE9FF7F00DD6A2D</string>
			<key>isa</key>
			<string>PBXBuildFile</string>
		</dict>
		<key>5E231D3E1D22CF870064F77E</key>
		<dict>
			<key>fileRef</key>
			<string>060277CC1BE995E500DD6A2D</string>
			<key>isa</key>
			<string>PBXBuildFile</string>
		</dict>
		<key>5E231D3F1D22CF870064F77E</key>
		<dict>
			<key>fileRef</key>
			<string>060277C81BE995E100DD6A2D</string>
			<key>isa</key>
			<string>PBXBuildFile</string>
		</dict>
		<key>5E231D401D22CF870064F77E</key>
		<dict>
			<key>buildActionMask</key>
			<string>2147483647</string>
			<key>files</key>
			<array>
				<string>5E231D411D22CF870064F77E</string>
				<string>5E231D421D22CF870064F77E</string>
				<string>5E231D431D22CF870064F77E</string>
			</array>
			<key>isa</key>
			<string>PBXResourcesBuildPhase</string>
			<key>runOnlyForDeploymentPostprocessing</key>
			<string>0</string>
		</dict>
		<key>5E231D411D22CF870064F77E</key>
		<dict>
			<key>fileRef</key>
			<string>06B2B1B31BE8F0D900E0CC85</string>
			<key>isa</key>
			<string>PBXBuildFile</string>
		</dict>
		<key>5E231D421D22CF870064F77E</key>
		<dict>
			<key>fileRef</key>
			<string>06B2B1B81BE8F0D900E0CC85</string>
			<key>isa</key>
			<string>PBXBuildFile</string>
		</dict>
		<key>5E231D431D22CF870064F77E</key>
		<dict>
			<key>fileRef</key>
			<string>06B2B1B61BE8F0D900E0CC85</string>
			<key>isa</key>
			<string>PBXBuildFile</string>
		</dict>
		<key>5E231D441D22CF870064F77E</key>
		<dict>
			<key>buildConfigurations</key>
			<array>
				<string>5E231D451D22CF870064F77E</string>
				<string>5E231D461D22CF870064F77E</string>
			</array>
			<key>defaultConfigurationIsVisible</key>
			<string>0</string>
			<key>defaultConfigurationName</key>
			<string>Release</string>
			<key>isa</key>
			<string>XCConfigurationList</string>
		</dict>
		<key>5E231D451D22CF870064F77E</key>
		<dict>
			<key>buildSettings</key>
			<dict>
				<key>ASSETCATALOG_COMPILER_APPICON_NAME</key>
				<string>AppIcon</string>
				<key>CODE_SIGN_IDENTITY</key>
				<string>iPhone Developer</string>
				<key>CODE_SIGN_IDENTITY[sdk=iphoneos*]</key>
				<string>iPhone Developer</string>
				<key>ENABLE_BITCODE</key>
				<string>YES</string>
				<key>FRAMEWORK_SEARCH_PATHS</key>
				<array>
					<string>$(inherited)</string>
					<string>../build</string>
					<string>$(PROJECT_DIR)</string>
					<string>../framework/livegpu</string>
				</array>
				<key>GCC_PREPROCESSOR_DEFINITIONS</key>
				<array>
					<string>DEBUG=1</string>
					<string>$(inherited)</string>
					<string>USING_DYNAMIC_FRAMEWORK=1</string>
				</array>
				<key>HEADER_SEARCH_PATHS</key>
				<string>$(inherited)</string>
				<key>INFOPLIST_FILE</key>
				<string>KSYLiveDemoDylib-Info.plist</string>
				<key>IPHONEOS_DEPLOYMENT_TARGET</key>
				<string>8.0</string>
				<key>LD_RUNPATH_SEARCH_PATHS</key>
				<string>$(inherited) @executable_path/Frameworks</string>
				<key>LIBRARY_SEARCH_PATHS</key>
				<array>
					<string>$(inherited)</string>
					<string>$(PROJECT_DIR)</string>
				</array>
				<key>OTHER_CFLAGS</key>
				<string>-fembed-bitcode-marker</string>
				<key>OTHER_LDFLAGS</key>
				<array>
					<string>-licucore</string>
					<string>-ObjC</string>
				</array>
				<key>PRODUCT_BUNDLE_IDENTIFIER</key>
				<string>com.ksyun.ios.KSYLiveDemo</string>
				<key>PRODUCT_NAME</key>
				<string>$(TARGET_NAME)</string>
				<key>PROVISIONING_PROFILE</key>
				<string></string>
			</dict>
			<key>isa</key>
			<string>XCBuildConfiguration</string>
			<key>name</key>
			<string>Debug</string>
		</dict>
		<key>5E231D461D22CF870064F77E</key>
		<dict>
			<key>buildSettings</key>
			<dict>
				<key>ASSETCATALOG_COMPILER_APPICON_NAME</key>
				<string>AppIcon</string>
				<key>CODE_SIGN_IDENTITY</key>
				<string>iPhone Developer</string>
				<key>CODE_SIGN_IDENTITY[sdk=iphoneos*]</key>
				<string>iPhone Developer</string>
				<key>ENABLE_BITCODE</key>
				<string>YES</string>
				<key>FRAMEWORK_SEARCH_PATHS</key>
				<array>
					<string>$(inherited)</string>
					<string>../build</string>
					<string>$(PROJECT_DIR)</string>
					<string>../framework/livegpu</string>
				</array>
				<key>GCC_PREPROCESSOR_DEFINITIONS</key>
				<string>USING_DYNAMIC_FRAMEWORK=1</string>
				<key>HEADER_SEARCH_PATHS</key>
				<string>$(inherited)</string>
				<key>INFOPLIST_FILE</key>
				<string>KSYLiveDemoDylib-Info.plist</string>
				<key>IPHONEOS_DEPLOYMENT_TARGET</key>
				<string>8.0</string>
				<key>LD_RUNPATH_SEARCH_PATHS</key>
				<string>$(inherited) @executable_path/Frameworks</string>
				<key>LIBRARY_SEARCH_PATHS</key>
				<array>
					<string>$(inherited)</string>
					<string>$(PROJECT_DIR)</string>
				</array>
				<key>OTHER_CFLAGS</key>
				<string>-fembed-bitcode</string>
				<key>OTHER_LDFLAGS</key>
				<array>
					<string>-licucore</string>
					<string>-ObjC</string>
				</array>
				<key>PRODUCT_BUNDLE_IDENTIFIER</key>
				<string>com.ksyun.ios.KSYLiveDemo</string>
				<key>PRODUCT_NAME</key>
				<string>$(TARGET_NAME)</string>
				<key>PROVISIONING_PROFILE</key>
				<string></string>
			</dict>
			<key>isa</key>
			<string>XCBuildConfiguration</string>
			<key>name</key>
			<string>Release</string>
		</dict>
		<key>5E231D471D22CF870064F77E</key>
		<dict>
			<key>explicitFileType</key>
			<string>wrapper.application</string>
			<key>includeInIndex</key>
			<string>0</string>
			<key>isa</key>
			<string>PBXFileReference</string>
			<key>path</key>
			<string>KSYLiveDemoDylib.app</string>
			<key>sourceTree</key>
			<string>BUILT_PRODUCTS_DIR</string>
		</dict>
		<key>5E231D481D22CF870064F77E</key>
		<dict>
			<key>isa</key>
			<string>PBXFileReference</string>
			<key>lastKnownFileType</key>
			<string>text.plist.xml</string>
			<key>name</key>
			<string>KSYLiveDemoDylib-Info.plist</string>
			<key>path</key>
			<string>/Users/fpzeng/workdir/ksyun/libksylive/KSYLive/KSYLiveDemoDylib-Info.plist</string>
			<key>sourceTree</key>
			<string>&lt;absolute&gt;</string>
		</dict>
		<key>5E72AEBF1D22D0FC00F22AFF</key>
		<dict>
			<key>isa</key>
			<string>PBXFileReference</string>
			<key>lastKnownFileType</key>
			<string>wrapper.framework</string>
			<key>name</key>
			<string>libksygpulivedylib.framework</string>
			<key>path</key>
			<string>../build/libksygpulivedylib.framework</string>
			<key>sourceTree</key>
			<string>&lt;group&gt;</string>
		</dict>
		<key>5E72AEC11D22D10200F22AFF</key>
		<dict>
			<key>fileRef</key>
			<string>5E72AEBF1D22D0FC00F22AFF</string>
			<key>isa</key>
			<string>PBXBuildFile</string>
		</dict>
		<key>5E72AEC31D22D10200F22AFF</key>
		<dict>
			<key>buildActionMask</key>
			<string>2147483647</string>
			<key>dstPath</key>
			<string></string>
			<key>dstSubfolderSpec</key>
			<string>10</string>
			<key>files</key>
			<array>
				<string>58A9C65A1D61FF8F00FBDBBD</string>
			</array>
			<key>isa</key>
			<string>PBXCopyFilesBuildPhase</string>
			<key>name</key>
			<string>Embed Frameworks</string>
			<key>runOnlyForDeploymentPostprocessing</key>
			<string>0</string>
		</dict>
		<key>625EF3B41C9A95BE00DBA1CC</key>
		<dict>
			<key>isa</key>
			<string>PBXFileReference</string>
			<key>lastKnownFileType</key>
			<string>sourcecode.text-based-dylib-definition</string>
			<key>name</key>
			<string>libsqlite3.tbd</string>
			<key>path</key>
			<string>usr/lib/libsqlite3.tbd</string>
			<key>sourceTree</key>
			<string>SDKROOT</string>
		</dict>
		<key>625EF3B51C9A95BE00DBA1CC</key>
		<dict>
			<key>fileRef</key>
			<string>625EF3B41C9A95BE00DBA1CC</string>
			<key>isa</key>
			<string>PBXBuildFile</string>
		</dict>
		<key>627FB6221CA2EEDB0029AD04</key>
		<dict>
			<key>isa</key>
			<string>PBXFileReference</string>
			<key>lastKnownFileType</key>
			<string>wrapper.framework</string>
			<key>name</key>
			<string>GPUImage.framework</string>
			<key>path</key>
			<string>../build/GPUImage.framework</string>
			<key>sourceTree</key>
			<string>&lt;group&gt;</string>
		</dict>
		<key>627FB6231CA2EEDB0029AD04</key>
		<dict>
			<key>fileRef</key>
			<string>627FB6221CA2EEDB0029AD04</string>
			<key>isa</key>
			<string>PBXBuildFile</string>
		</dict>
		<key>814DC5120D453FADE9835CC7</key>
		<dict>
			<key>children</key>
			<array>
				<string>8A266482D81FC8B1ED9AF440</string>
				<string>D8A92484056D755FD9F2087F</string>
			</array>
			<key>isa</key>
			<string>PBXGroup</string>
			<key>name</key>
			<string>Pods</string>
			<key>sourceTree</key>
			<string>&lt;group&gt;</string>
		</dict>
		<key>8A266482D81FC8B1ED9AF440</key>
		<dict>
			<key>includeInIndex</key>
			<string>1</string>
			<key>isa</key>
			<string>PBXFileReference</string>
			<key>lastKnownFileType</key>
			<string>text.xcconfig</string>
			<key>name</key>
			<string>Pods.debug.xcconfig</string>
			<key>path</key>
			<string>Pods/Target Support Files/Pods/Pods.debug.xcconfig</string>
			<key>sourceTree</key>
			<string>&lt;group&gt;</string>
		</dict>
		<key>95B4A3E91CBF6CC700CB6804</key>
		<dict>
			<key>fileEncoding</key>
			<string>4</string>
			<key>isa</key>
			<string>PBXFileReference</string>
			<key>lastKnownFileType</key>
			<string>sourcecode.c.h</string>
			<key>path</key>
			<string>KSYSQLite.h</string>
			<key>sourceTree</key>
			<string>&lt;group&gt;</string>
		</dict>
		<key>95B4A3EA1CBF6CC700CB6804</key>
		<dict>
			<key>fileEncoding</key>
			<string>4</string>
			<key>isa</key>
			<string>PBXFileReference</string>
			<key>lastKnownFileType</key>
			<string>sourcecode.c.objc</string>
			<key>path</key>
			<string>KSYSQLite.m</string>
			<key>sourceTree</key>
			<string>&lt;group&gt;</string>
		</dict>
		<key>95B4A3ED1CBF6CC700CB6804</key>
		<dict>
			<key>fileEncoding</key>
			<string>4</string>
			<key>isa</key>
			<string>PBXFileReference</string>
			<key>lastKnownFileType</key>
			<string>sourcecode.c.h</string>
			<key>path</key>
			<string>QRViewController.h</string>
			<key>sourceTree</key>
			<string>&lt;group&gt;</string>
		</dict>
		<key>95B4A3EE1CBF6CC700CB6804</key>
		<dict>
			<key>fileEncoding</key>
			<string>4</string>
			<key>isa</key>
			<string>PBXFileReference</string>
			<key>lastKnownFileType</key>
			<string>sourcecode.c.objc</string>
			<key>path</key>
			<string>QRViewController.m</string>
			<key>sourceTree</key>
			<string>&lt;group&gt;</string>
		</dict>
		<key>95B4A3EF1CBF6CC700CB6804</key>
		<dict>
			<key>fileRef</key>
			<string>95B4A3EA1CBF6CC700CB6804</string>
			<key>isa</key>
			<string>PBXBuildFile</string>
		</dict>
		<key>95B4A3F11CBF6CC700CB6804</key>
		<dict>
			<key>fileRef</key>
			<string>95B4A3EE1CBF6CC700CB6804</string>
			<key>isa</key>
			<string>PBXBuildFile</string>
		</dict>
		<key>A405565C14859AEAB23ADCD5</key>
		<dict>
			<key>buildActionMask</key>
			<string>2147483647</string>
			<key>files</key>
			<array/>
			<key>inputPaths</key>
			<array/>
			<key>isa</key>
			<string>PBXShellScriptBuildPhase</string>
			<key>name</key>
			<string>Embed Pods Frameworks</string>
			<key>outputPaths</key>
			<array/>
			<key>runOnlyForDeploymentPostprocessing</key>
			<string>0</string>
			<key>shellPath</key>
			<string>/bin/sh</string>
			<key>shellScript</key>
			<string>"${SRCROOT}/Pods/Target Support Files/Pods/Pods-frameworks.sh"
</string>
			<key>showEnvVarsInLog</key>
			<string>0</string>
		</dict>
		<key>BC51FC2FAF6880DF2D39DC96</key>
		<dict>
			<key>children</key>
			<array>
				<string>F3AA2C25B6C7F287039ECBE8</string>
			</array>
			<key>isa</key>
			<string>PBXGroup</string>
			<key>name</key>
			<string>Frameworks</string>
			<key>sourceTree</key>
			<string>&lt;group&gt;</string>
		</dict>
		<key>D8A92484056D755FD9F2087F</key>
		<dict>
			<key>includeInIndex</key>
			<string>1</string>
			<key>isa</key>
			<string>PBXFileReference</string>
			<key>lastKnownFileType</key>
			<string>text.xcconfig</string>
			<key>name</key>
			<string>Pods.release.xcconfig</string>
			<key>path</key>
			<string>Pods/Target Support Files/Pods/Pods.release.xcconfig</string>
			<key>sourceTree</key>
			<string>&lt;group&gt;</string>
		</dict>
		<key>E30D08441D196B6700DA9DC8</key>
		<dict>
			<key>isa</key>
			<string>PBXFileReference</string>
			<key>lastKnownFileType</key>
			<string>wrapper.framework</string>
			<key>path</key>
			<string>Bugly.framework</string>
			<key>sourceTree</key>
			<string>&lt;group&gt;</string>
		</dict>
		<key>E30D08451D196B6700DA9DC8</key>
		<dict>
			<key>fileRef</key>
			<string>E30D08441D196B6700DA9DC8</string>
			<key>isa</key>
			<string>PBXBuildFile</string>
		</dict>
		<key>E3680E301D14070100B2D558</key>
		<dict>
			<key>isa</key>
			<string>PBXFileReference</string>
			<key>lastKnownFileType</key>
			<string>sourcecode.text-based-dylib-definition</string>
			<key>name</key>
			<string>libz.tbd</string>
			<key>path</key>
			<string>usr/lib/libz.tbd</string>
			<key>sourceTree</key>
			<string>SDKROOT</string>
		</dict>
		<key>E3B007371CE31547009AF074</key>
		<dict>
			<key>fileEncoding</key>
			<string>4</string>
			<key>isa</key>
			<string>PBXFileReference</string>
			<key>lastKnownFileType</key>
			<string>sourcecode.c.h</string>
			<key>path</key>
			<string>KSYDBCreater.h</string>
			<key>sourceTree</key>
			<string>&lt;group&gt;</string>
		</dict>
		<key>E3B007381CE31547009AF074</key>
		<dict>
			<key>fileEncoding</key>
			<string>4</string>
			<key>isa</key>
			<string>PBXFileReference</string>
			<key>lastKnownFileType</key>
			<string>sourcecode.c.objc</string>
			<key>path</key>
			<string>KSYDBCreater.m</string>
			<key>sourceTree</key>
			<string>&lt;group&gt;</string>
		</dict>
		<key>E3B007391CE31547009AF074</key>
		<dict>
			<key>fileRef</key>
			<string>E3B007381CE31547009AF074</string>
			<key>isa</key>
			<string>PBXBuildFile</string>
		</dict>
		<key>E3EDA85A1D17BBCE00B54437</key>
		<dict>
			<key>isa</key>
			<string>PBXFileReference</string>
			<key>lastKnownFileType</key>
			<string>wrapper.framework</string>
			<key>name</key>
			<string>SystemConfiguration.framework</string>
			<key>path</key>
			<string>System/Library/Frameworks/SystemConfiguration.framework</string>
			<key>sourceTree</key>
			<string>SDKROOT</string>
		</dict>
		<key>E3EDA85B1D17BBCE00B54437</key>
		<dict>
			<key>fileRef</key>
			<string>E3EDA85A1D17BBCE00B54437</string>
			<key>isa</key>
			<string>PBXBuildFile</string>
		</dict>
		<key>E3EDA85C1D17BBDA00B54437</key>
		<dict>
			<key>isa</key>
			<string>PBXFileReference</string>
			<key>lastKnownFileType</key>
			<string>wrapper.framework</string>
			<key>name</key>
			<string>Security.framework</string>
			<key>path</key>
			<string>System/Library/Frameworks/Security.framework</string>
			<key>sourceTree</key>
			<string>SDKROOT</string>
		</dict>
		<key>E3EDA85D1D17BBDA00B54437</key>
		<dict>
			<key>fileRef</key>
			<string>E3EDA85C1D17BBDA00B54437</string>
			<key>isa</key>
			<string>PBXBuildFile</string>
		</dict>
		<key>ECB1E50775965851FC091F5A</key>
		<dict>
			<key>buildActionMask</key>
			<string>2147483647</string>
			<key>files</key>
			<array/>
			<key>inputPaths</key>
			<array/>
			<key>isa</key>
			<string>PBXShellScriptBuildPhase</string>
			<key>name</key>
			<string>Copy Pods Resources</string>
			<key>outputPaths</key>
			<array/>
			<key>runOnlyForDeploymentPostprocessing</key>
			<string>0</string>
			<key>shellPath</key>
			<string>/bin/sh</string>
			<key>shellScript</key>
			<string>"${SRCROOT}/Pods/Target Support Files/Pods/Pods-resources.sh"
</string>
			<key>showEnvVarsInLog</key>
			<string>0</string>
		</dict>
		<key>F296EBFE1D3527FF001C4120</key>
		<dict>
			<key>fileEncoding</key>
			<string>4</string>
			<key>isa</key>
			<string>PBXFileReference</string>
			<key>lastKnownFileType</key>
			<string>sourcecode.c.h</string>
			<key>path</key>
			<string>KSYMiscView.h</string>
			<key>sourceTree</key>
			<string>&lt;group&gt;</string>
		</dict>
		<key>F296EBFF1D3527FF001C4120</key>
		<dict>
			<key>fileEncoding</key>
			<string>4</string>
			<key>isa</key>
			<string>PBXFileReference</string>
			<key>lastKnownFileType</key>
			<string>sourcecode.c.objc</string>
			<key>path</key>
			<string>KSYMiscView.m</string>
			<key>sourceTree</key>
			<string>&lt;group&gt;</string>
		</dict>
		<key>F296EC001D3527FF001C4120</key>
		<dict>
			<key>fileRef</key>
			<string>F296EBFF1D3527FF001C4120</string>
			<key>isa</key>
			<string>PBXBuildFile</string>
		</dict>
		<key>F296EC011D352B07001C4120</key>
		<dict>
			<key>fileRef</key>
			<string>F296EBFF1D3527FF001C4120</string>
			<key>isa</key>
			<string>PBXBuildFile</string>
		</dict>
		<key>F3AA2C25B6C7F287039ECBE8</key>
		<dict>
			<key>explicitFileType</key>
			<string>archive.ar</string>
			<key>includeInIndex</key>
			<string>0</string>
			<key>isa</key>
			<string>PBXFileReference</string>
			<key>path</key>
			<string>libPods.a</string>
			<key>sourceTree</key>
			<string>BUILT_PRODUCTS_DIR</string>
		</dict>
		<key>F8BD96ADDC57202352A62CF9</key>
		<dict>
			<key>fileRef</key>
			<string>F3AA2C25B6C7F287039ECBE8</string>
			<key>isa</key>
			<string>PBXBuildFile</string>
		</dict>
	</dict>
	<key>rootObject</key>
	<string>06B2B19B1BE8F0D900E0CC85</string>
</dict>
</plist>
